
Microsoft Visual Studio Solution File, Format Version 12.00
# Visual Studio Version 17
VisualStudioVersion = 17.2.32505.173
MinimumVisualStudioVersion = 10.0.40219.1
Project("{9A19103F-16F7-4668-BE54-9A1E7A4F7556}") = "project1", "project1\project1.csproj", "{C96A6203-9DC8-4FB4-8B87-5B3430A64AFA}"
EndProject
Project("{FAE04EC0-301F-11D3-BF4B-00C04F79EFBC}") = "project2", "project2\project2.csproj", "{1762CC35-C682-45B2-8347-77EFE7220B4B}"
EndProject
Global
	GlobalSection(SolutionConfigurationPlatforms) = preSolution
		Debug|Any CPU = Debug|Any CPU
		Release|Any CPU = Release|Any CPU
	EndGlobalSection
	GlobalSection(ProjectConfigurationPlatforms) = postSolution
		{C96A6203-9DC8-4FB4-8B87-5B3430A64AFA}.Debug|Any CPU.ActiveCfg = Debug|Any CPU
		{C96A6203-9DC8-4FB4-8B87-5B3430A64AFA}.Debug|Any CPU.Build.0 = Debug|Any CPU
		{C96A6203-9DC8-4FB4-8B87-5B3430A64AFA}.Release|Any CPU.ActiveCfg = Release|Any CPU
		{C96A6203-9DC8-4FB4-8B87-5B3430A64AFA}.Release|Any CPU.Build.0 = Release|Any CPU
		{1762CC35-C682-45B2-8347-77EFE7220B4B}.Debug|Any CPU.ActiveCfg = Debug|Any CPU
		{1762CC35-C682-45B2-8347-77EFE7220B4B}.Debug|Any CPU.Build.0 = Debug|Any CPU
		{1762CC35-C682-45B2-8347-77EFE7220B4B}.Release|Any CPU.ActiveCfg = Release|Any CPU
		{1762CC35-C682-45B2-8347-77EFE7220B4B}.Release|Any CPU.Build.0 = Release|Any CPU
	EndGlobalSection
	GlobalSection(SolutionProperties) = preSolution
		HideSolutionNode = FALSE
	EndGlobalSection
	GlobalSection(ExtensibilityGlobals) = postSolution
		SolutionGuid = {A078EDC3-5F53-4D39-A884-CD099D0B420E}
	EndGlobalSection
EndGlobal
